{
  "name": "scaling",
  "version": "1.0.0",
  "lockfileVersion": 1,
  "requires": true,
  "dependencies": {
    "debug": {
      "version": "3.2.6",
      "resolved": "https://registry.npmjs.org/debug/-/debug-3.2.6.tgz",
      "integrity": "sha512-mel+jf7nrtEl5Pn1Qx46zARXKDpBbvzezse7p7LqINmdoIk8PYP5SySaxEmYv6TZ0JyEKA1hsCId6DIhgITtWQ==",
      "requires": {
        "ms": "^2.1.1"
      }
    },
    "ms": {
      "version": "2.1.1",
      "resolved": "https://registry.npmjs.org/ms/-/ms-2.1.1.tgz",
      "integrity": "sha512-tgp+dl5cGk28utYktBsrFqA7HKgrhgPsg6Z/EfhWI4gl1Hwq8B/GmY/0oXZ6nF8hDVesS/FpnYaD/kOWhYQvyg=="
    },
    "workers-cluster": {
      "version": "0.1.2",
      "resolved": "https://registry.npmjs.org/workers-cluster/-/workers-cluster-0.1.2.tgz",
      "integrity": "sha512-UO7dxqpFWumktDIWSFVNOHe4o1GPBzXKcHYeD4REn/NdG2aSvmc/DAku+vh5Ktzx0X70mfYHOpTp+PJVVn5zSw==",
      "requires": {
        "debug": "^3.1.0"
      }
    }
  }
}
